
Microsoft Visual Studio Solution File, Format Version 12.00
# Visual Studio Version 17
VisualStudioVersion = 17.0.31903.59
MinimumVisualStudioVersion = 10.0.40219.1
Project("{2150E333-8FDC-42A3-9474-1A3956D46DE8}") = "src", "src", "{827E0CD3-B72D-47B6-A68D-7590B98EB39B}"
EndProject
Project("{FAE04EC0-301F-11D3-BF4B-00C04F79EFBC}") = "ConcordaAI.Domain", "src\ConcordaAI.Domain\ConcordaAI.Domain.csproj", "{ADD257C2-37C3-41D4-88AB-1CC3FEB7D16F}"
EndProject
Project("{FAE04EC0-301F-11D3-BF4B-00C04F79EFBC}") = "ConcordaAI.Application", "src\ConcordaAI.Application\ConcordaAI.Application.csproj", "{F0A80602-BDDA-4E97-B005-4CD469DA4278}"
EndProject
Project("{FAE04EC0-301F-11D3-BF4B-00C04F79EFBC}") = "ConcordaAI.Infrastructure", "src\ConcordaAI.Infrastructure\ConcordaAI.Infrastructure.csproj", "{E34277B8-C761-437C-8994-BF06A344DC40}"
EndProject
Project("{FAE04EC0-301F-11D3-BF4B-00C04F79EFBC}") = "ConcordaAI.Shared", "src\ConcordaAI.Shared\ConcordaAI.Shared.csproj", "{12D3BBED-F83A-46B8-B534-A286664E1768}"
EndProject
Project("{FAE04EC0-301F-11D3-BF4B-00C04F79EFBC}") = "ConcordaAI.Api", "src\ConcordaAI.Api\ConcordaAI.Api.csproj", "{6770E52F-06D9-471F-8D5B-1D9598764F02}"
EndProject
Project("{2150E333-8FDC-42A3-9474-1A3956D46DE8}") = "tests", "tests", "{0AB3BF05-4346-4AA6-1389-037BE0695223}"
EndProject
Project("{FAE04EC0-301F-11D3-BF4B-00C04F79EFBC}") = "ConcordaAI.Application.Tests", "tests\ConcordaAI.Application.Tests\ConcordaAI.Application.Tests.csproj", "{433C3725-1F60-4A67-BAC1-FABDE425FB9E}"
EndProject
Project("{FAE04EC0-301F-11D3-BF4B-00C04F79EFBC}") = "ConcordaAI.Domain.Tests", "tests\ConcordaAI.Domain.Tests\ConcordaAI.Domain.Tests.csproj", "{9AF0C39F-D239-452B-B165-95820CDF7A0D}"
EndProject
Global
	GlobalSection(SolutionConfigurationPlatforms) = preSolution
		Debug|Any CPU = Debug|Any CPU
		Debug|x64 = Debug|x64
		Debug|x86 = Debug|x86
		Release|Any CPU = Release|Any CPU
		Release|x64 = Release|x64
		Release|x86 = Release|x86
	EndGlobalSection
	GlobalSection(ProjectConfigurationPlatforms) = postSolution
		{ADD257C2-37C3-41D4-88AB-1CC3FEB7D16F}.Debug|Any CPU.ActiveCfg = Debug|Any CPU
		{ADD257C2-37C3-41D4-88AB-1CC3FEB7D16F}.Debug|Any CPU.Build.0 = Debug|Any CPU
		{ADD257C2-37C3-41D4-88AB-1CC3FEB7D16F}.Debug|x64.ActiveCfg = Debug|Any CPU
		{ADD257C2-37C3-41D4-88AB-1CC3FEB7D16F}.Debug|x64.Build.0 = Debug|Any CPU
		{ADD257C2-37C3-41D4-88AB-1CC3FEB7D16F}.Debug|x86.ActiveCfg = Debug|Any CPU
		{ADD257C2-37C3-41D4-88AB-1CC3FEB7D16F}.Debug|x86.Build.0 = Debug|Any CPU
		{ADD257C2-37C3-41D4-88AB-1CC3FEB7D16F}.Release|Any CPU.ActiveCfg = Release|Any CPU
		{ADD257C2-37C3-41D4-88AB-1CC3FEB7D16F}.Release|Any CPU.Build.0 = Release|Any CPU
		{ADD257C2-37C3-41D4-88AB-1CC3FEB7D16F}.Release|x64.ActiveCfg = Release|Any CPU
		{ADD257C2-37C3-41D4-88AB-1CC3FEB7D16F}.Release|x64.Build.0 = Release|Any CPU
		{ADD257C2-37C3-41D4-88AB-1CC3FEB7D16F}.Release|x86.ActiveCfg = Release|Any CPU
		{ADD257C2-37C3-41D4-88AB-1CC3FEB7D16F}.Release|x86.Build.0 = Release|Any CPU
		{F0A80602-BDDA-4E97-B005-4CD469DA4278}.Debug|Any CPU.ActiveCfg = Debug|Any CPU
		{F0A80602-BDDA-4E97-B005-4CD469DA4278}.Debug|Any CPU.Build.0 = Debug|Any CPU
		{F0A80602-BDDA-4E97-B005-4CD469DA4278}.Debug|x64.ActiveCfg = Debug|Any CPU
		{F0A80602-BDDA-4E97-B005-4CD469DA4278}.Debug|x64.Build.0 = Debug|Any CPU
		{F0A80602-BDDA-4E97-B005-4CD469DA4278}.Debug|x86.ActiveCfg = Debug|Any CPU
		{F0A80602-BDDA-4E97-B005-4CD469DA4278}.Debug|x86.Build.0 = Debug|Any CPU
		{F0A80602-BDDA-4E97-B005-4CD469DA4278}.Release|Any CPU.ActiveCfg = Release|Any CPU
		{F0A80602-BDDA-4E97-B005-4CD469DA4278}.Release|Any CPU.Build.0 = Release|Any CPU
		{F0A80602-BDDA-4E97-B005-4CD469DA4278}.Release|x64.ActiveCfg = Release|Any CPU
		{F0A80602-BDDA-4E97-B005-4CD469DA4278}.Release|x64.Build.0 = Release|Any CPU
		{F0A80602-BDDA-4E97-B005-4CD469DA4278}.Release|x86.ActiveCfg = Release|Any CPU
		{F0A80602-BDDA-4E97-B005-4CD469DA4278}.Release|x86.Build.0 = Release|Any CPU
		{E34277B8-C761-437C-8994-BF06A344DC40}.Debug|Any CPU.ActiveCfg = Debug|Any CPU
		{E34277B8-C761-437C-8994-BF06A344DC40}.Debug|Any CPU.Build.0 = Debug|Any CPU
		{E34277B8-C761-437C-8994-BF06A344DC40}.Debug|x64.ActiveCfg = Debug|Any CPU
		{E34277B8-C761-437C-8994-BF06A344DC40}.Debug|x64.Build.0 = Debug|Any CPU
		{E34277B8-C761-437C-8994-BF06A344DC40}.Debug|x86.ActiveCfg = Debug|Any CPU
		{E34277B8-C761-437C-8994-BF06A344DC40}.Debug|x86.Build.0 = Debug|Any CPU
		{E34277B8-C761-437C-8994-BF06A344DC40}.Release|Any CPU.ActiveCfg = Release|Any CPU
		{E34277B8-C761-437C-8994-BF06A344DC40}.Release|Any CPU.Build.0 = Release|Any CPU
		{E34277B8-C761-437C-8994-BF06A344DC40}.Release|x64.ActiveCfg = Release|Any CPU
		{E34277B8-C761-437C-8994-BF06A344DC40}.Release|x64.Build.0 = Release|Any CPU
		{E34277B8-C761-437C-8994-BF06A344DC40}.Release|x86.ActiveCfg = Release|Any CPU
		{E34277B8-C761-437C-8994-BF06A344DC40}.Release|x86.Build.0 = Release|Any CPU
		{12D3BBED-F83A-46B8-B534-A286664E1768}.Debug|Any CPU.ActiveCfg = Debug|Any CPU
		{12D3BBED-F83A-46B8-B534-A286664E1768}.Debug|Any CPU.Build.0 = Debug|Any CPU
		{12D3BBED-F83A-46B8-B534-A286664E1768}.Debug|x64.ActiveCfg = Debug|Any CPU
		{12D3BBED-F83A-46B8-B534-A286664E1768}.Debug|x64.Build.0 = Debug|Any CPU
		{12D3BBED-F83A-46B8-B534-A286664E1768}.Debug|x86.ActiveCfg = Debug|Any CPU
		{12D3BBED-F83A-46B8-B534-A286664E1768}.Debug|x86.Build.0 = Debug|Any CPU
		{12D3BBED-F83A-46B8-B534-A286664E1768}.Release|Any CPU.ActiveCfg = Release|Any CPU
		{12D3BBED-F83A-46B8-B534-A286664E1768}.Release|Any CPU.Build.0 = Release|Any CPU
		{12D3BBED-F83A-46B8-B534-A286664E1768}.Release|x64.ActiveCfg = Release|Any CPU
		{12D3BBED-F83A-46B8-B534-A286664E1768}.Release|x64.Build.0 = Release|Any CPU
		{12D3BBED-F83A-46B8-B534-A286664E1768}.Release|x86.ActiveCfg = Release|Any CPU
		{12D3BBED-F83A-46B8-B534-A286664E1768}.Release|x86.Build.0 = Release|Any CPU
		{6770E52F-06D9-471F-8D5B-1D9598764F02}.Debug|Any CPU.ActiveCfg = Debug|Any CPU
		{6770E52F-06D9-471F-8D5B-1D9598764F02}.Debug|Any CPU.Build.0 = Debug|Any CPU
		{6770E52F-06D9-471F-8D5B-1D9598764F02}.Debug|x64.ActiveCfg = Debug|Any CPU
		{6770E52F-06D9-471F-8D5B-1D9598764F02}.Debug|x64.Build.0 = Debug|Any CPU
		{6770E52F-06D9-471F-8D5B-1D9598764F02}.Debug|x86.ActiveCfg = Debug|Any CPU
		{6770E52F-06D9-471F-8D5B-1D9598764F02}.Debug|x86.Build.0 = Debug|Any CPU
		{6770E52F-06D9-471F-8D5B-1D9598764F02}.Release|Any CPU.ActiveCfg = Release|Any CPU
		{6770E52F-06D9-471F-8D5B-1D9598764F02}.Release|Any CPU.Build.0 = Release|Any CPU
		{6770E52F-06D9-471F-8D5B-1D9598764F02}.Release|x64.ActiveCfg = Release|Any CPU
		{6770E52F-06D9-471F-8D5B-1D9598764F02}.Release|x64.Build.0 = Release|Any CPU
		{6770E52F-06D9-471F-8D5B-1D9598764F02}.Release|x86.ActiveCfg = Release|Any CPU
		{6770E52F-06D9-471F-8D5B-1D9598764F02}.Release|x86.Build.0 = Release|Any CPU
		{433C3725-1F60-4A67-BAC1-FABDE425FB9E}.Debug|Any CPU.ActiveCfg = Debug|Any CPU
		{433C3725-1F60-4A67-BAC1-FABDE425FB9E}.Debug|Any CPU.Build.0 = Debug|Any CPU
		{433C3725-1F60-4A67-BAC1-FABDE425FB9E}.Debug|x64.ActiveCfg = Debug|Any CPU
		{433C3725-1F60-4A67-BAC1-FABDE425FB9E}.Debug|x64.Build.0 = Debug|Any CPU
		{433C3725-1F60-4A67-BAC1-FABDE425FB9E}.Debug|x86.ActiveCfg = Debug|Any CPU
		{433C3725-1F60-4A67-BAC1-FABDE425FB9E}.Debug|x86.Build.0 = Debug|Any CPU
		{433C3725-1F60-4A67-BAC1-FABDE425FB9E}.Release|Any CPU.ActiveCfg = Release|Any CPU
		{433C3725-1F60-4A67-BAC1-FABDE425FB9E}.Release|Any CPU.Build.0 = Release|Any CPU
		{433C3725-1F60-4A67-BAC1-FABDE425FB9E}.Release|x64.ActiveCfg = Release|Any CPU
		{433C3725-1F60-4A67-BAC1-FABDE425FB9E}.Release|x64.Build.0 = Release|Any CPU
		{433C3725-1F60-4A67-BAC1-FABDE425FB9E}.Release|x86.ActiveCfg = Release|Any CPU
		{433C3725-1F60-4A67-BAC1-FABDE425FB9E}.Release|x86.Build.0 = Release|Any CPU
		{9AF0C39F-D239-452B-B165-95820CDF7A0D}.Debug|Any CPU.ActiveCfg = Debug|Any CPU
		{9AF0C39F-D239-452B-B165-95820CDF7A0D}.Debug|Any CPU.Build.0 = Debug|Any CPU
		{9AF0C39F-D239-452B-B165-95820CDF7A0D}.Debug|x64.ActiveCfg = Debug|Any CPU
		{9AF0C39F-D239-452B-B165-95820CDF7A0D}.Debug|x64.Build.0 = Debug|Any CPU
		{9AF0C39F-D239-452B-B165-95820CDF7A0D}.Debug|x86.ActiveCfg = Debug|Any CPU
		{9AF0C39F-D239-452B-B165-95820CDF7A0D}.Debug|x86.Build.0 = Debug|Any CPU
		{9AF0C39F-D239-452B-B165-95820CDF7A0D}.Release|Any CPU.ActiveCfg = Release|Any CPU
		{9AF0C39F-D239-452B-B165-95820CDF7A0D}.Release|Any CPU.Build.0 = Release|Any CPU
		{9AF0C39F-D239-452B-B165-95820CDF7A0D}.Release|x64.ActiveCfg = Release|Any CPU
		{9AF0C39F-D239-452B-B165-95820CDF7A0D}.Release|x64.Build.0 = Release|Any CPU
		{9AF0C39F-D239-452B-B165-95820CDF7A0D}.Release|x86.ActiveCfg = Release|Any CPU
		{9AF0C39F-D239-452B-B165-95820CDF7A0D}.Release|x86.Build.0 = Release|Any CPU
	EndGlobalSection
	GlobalSection(SolutionProperties) = preSolution
		HideSolutionNode = FALSE
	EndGlobalSection
	GlobalSection(NestedProjects) = preSolution
		{ADD257C2-37C3-41D4-88AB-1CC3FEB7D16F} = {827E0CD3-B72D-47B6-A68D-7590B98EB39B}
		{F0A80602-BDDA-4E97-B005-4CD469DA4278} = {827E0CD3-B72D-47B6-A68D-7590B98EB39B}
		{E34277B8-C761-437C-8994-BF06A344DC40} = {827E0CD3-B72D-47B6-A68D-7590B98EB39B}
		{12D3BBED-F83A-46B8-B534-A286664E1768} = {827E0CD3-B72D-47B6-A68D-7590B98EB39B}
		{6770E52F-06D9-471F-8D5B-1D9598764F02} = {827E0CD3-B72D-47B6-A68D-7590B98EB39B}
		{433C3725-1F60-4A67-BAC1-FABDE425FB9E} = {0AB3BF05-4346-4AA6-1389-037BE0695223}
		{9AF0C39F-D239-452B-B165-95820CDF7A0D} = {0AB3BF05-4346-4AA6-1389-037BE0695223}
	EndGlobalSection
EndGlobal
